PODS:
  - Flutter (1.0.0)
  - vertical_card_pager (0.0.1):
    - Flutter

DEPENDENCIES:
  - Flutter (from `Flutter`)
  - vertical_card_pager (from `.symlinks/plugins/vertical_card_pager/ios`)

EXTERNAL SOURCES:
  Flutter:
    :path: Flutter
  vertical_card_pager:
    :path: ".symlinks/plugins/vertical_card_pager/ios"

SPEC CHECKSUMS:
  Flutter: 0e3d915762c693b495b44d77113d4970485de6ec
  vertical_card_pager: 1dacdf39598b84c4a9783ad9319859b85488085c

PODFILE CHECKSUM: c34e2287a9ccaa606aeceab922830efb9a6ff69a

COCOAPODS: 1.9.0
